
Microsoft Visual Studio Solution File, Format Version 12.00
# Visual Studio Version 17
VisualStudioVersion = 17.7.34202.233
MinimumVisualStudioVersion = 10.0.40219.1
Project("{FAE04EC0-301F-11D3-BF4B-00C04F79EFBC}") = "ApiNet6", "ApiNet6\ApiNet6.csproj", "{0DD97C08-1C93-49CB-B734-34E09E5B657B}"
EndProject
Global
	GlobalSection(SolutionConfigurationPlatforms) = preSolution
		Debug|Any CPU = Debug|Any CPU
		Release|Any CPU = Release|Any CPU
	EndGlobalSection
	GlobalSection(ProjectConfigurationPlatforms) = postSolution
		{0DD97C08-1C93-49CB-B734-34E09E5B657B}.Debug|Any CPU.ActiveCfg = Debug|Any CPU
		{0DD97C08-1C93-49CB-B734-34E09E5B657B}.Debug|Any CPU.Build.0 = Debug|Any CPU
		{0DD97C08-1C93-49CB-B734-34E09E5B657B}.Release|Any CPU.ActiveCfg = Release|Any CPU
		{0DD97C08-1C93-49CB-B734-34E09E5B657B}.Release|Any CPU.Build.0 = Release|Any CPU
	EndGlobalSection
	GlobalSection(SolutionProperties) = preSolution
		HideSolutionNode = FALSE
	EndGlobalSection
	GlobalSection(ExtensibilityGlobals) = postSolution
		SolutionGuid = {2BE6F27C-284A-499F-966D-A15788FF5DAC}
	EndGlobalSection
EndGlobal
